dependencies:
- name: traefik
  repository: https://helm.traefik.io/traefik
  version: 10.19.5
- name: sealed-secrets
  repository: https://bitnami-labs.github.io/sealed-secrets/
  version: 2.8.1
- name: loki
  repository: https://grafana.github.io/helm-charts
  version: 4.8.0
- name: promtail
  repository: https://grafana.github.io/helm-charts
  version: 6.9.3
- name: grafana
  repository: https://grafana.github.io/helm-charts
  version: 6.52.4
- name: operator
  repository: https://alexgodbehere.github.io/helm-repository
  version: 5.0.3
- name: tenant
  repository: https://operator.min.io
  version: 5.0.3
digest: sha256:2ecc080dc80b042efc7e079521f3aac7d085a5f0ebd73a12eb4d8922c9488755
generated: "2023-04-11T20:28:36.010241608Z"
