dependencies:
- name: traefik
  repository: https://helm.traefik.io/traefik
  version: 10.19.5
- name: sealed-secrets
  repository: https://bitnami-labs.github.io/sealed-secrets/
  version: 2.8.1
- name: loki
  repository: https://grafana.github.io/helm-charts
  version: 4.8.0
- name: promtail
  repository: https://grafana.github.io/helm-charts
  version: 6.9.3
- name: grafana
  repository: https://grafana.github.io/helm-charts
  version: 6.52.4
- name: operator
  repository: https://operator.min.io
  version: 4.5.8
- name: tenant
  repository: https://operator.min.io
  version: 4.5.8
digest: sha256:06a8369ec53e4b3f635f480f1dceddadf4e618960ebf880efb66c625afdf0efc
generated: "2023-04-06T08:38:40.055727+01:00"
