dependencies:
- name: traefik
  repository: https://helm.traefik.io/traefik
  version: 10.19.5
- name: sealed-secrets
  repository: https://bitnami-labs.github.io/sealed-secrets/
  version: 2.8.1
- name: loki
  repository: https://grafana.github.io/helm-charts
  version: 4.8.0
- name: promtail
  repository: https://grafana.github.io/helm-charts
  version: 6.9.3
- name: grafana
  repository: https://grafana.github.io/helm-charts
  version: 6.52.4
- name: operator
  repository: https://operator.min.io
  version: 5.0.3
- name: tenant
  repository: https://operator.min.io
  version: 5.0.3
digest: sha256:15e590037058991fbeda322b01d1d0647f4fc4baef63a1a1013ecf3a42721784
generated: "2023-04-06T07:58:39.991895+01:00"
