dependencies:
- name: traefik
  repository: https://helm.traefik.io/traefik
  version: 23.1.0
- name: grafana
  repository: https://grafana.github.io/helm-charts
  version: 6.52.4
- name: influxdb2
  repository: https://helm.influxdata.com/
  version: 2.1.1
- name: cert-manager
  repository: https://charts.jetstack.io
  version: v1.14.4
- name: openmetadata
  repository: https://helm.open-metadata.org/
  version: 1.13.1
- name: openmetadata-dependencies
  repository: https://helm.open-metadata.org/
  version: 1.13.1
digest: sha256:5e010aecb8456ec7a649b358f0765ce4cd3f5be99c5c19459f55f33aeff3f25b
generated: "2026-07-14T14:49:46.672745982+01:00"
