dependencies:
- name: traefik
  repository: https://helm.traefik.io/traefik
  version: 23.1.0
- name: grafana
  repository: https://grafana.github.io/helm-charts
  version: 6.52.4
- name: operator
  repository: file://../patched-charts/operator/
  version: 7.0.0
- name: tenant
  repository: https://operator.min.io
  version: 7.0.0
- name: influxdb2
  repository: https://helm.influxdata.com/
  version: 2.1.1
- name: cert-manager
  repository: https://charts.jetstack.io
  version: v1.14.4
- name: spark-operator
  repository: https://kubeflow.github.io/spark-operator
  version: 2.1.0
digest: sha256:f74f7782ba1d2509362aff7e46af67f73b987070b03defcf02d88b4bcd790fe1
generated: "2025-03-20T17:48:11.7152847Z"
