dependencies:
- name: traefik
  repository: https://helm.traefik.io/traefik
  version: 23.1.0
- name: grafana
  repository: https://grafana.github.io/helm-charts
  version: 6.52.4
- name: operator
  repository: https://alexgodbehere.github.io/helm-repository
  version: 5.0.4
- name: tenant
  repository: https://operator.min.io
  version: 5.0.3
- name: influxdb2
  repository: https://helm.influxdata.com/
  version: 2.1.1
- name: cert-manager
  repository: https://charts.jetstack.io
  version: v1.14.4
digest: sha256:5e6b7a20a96c54dba427cd3913ff2f8246e6a1125b82e2cafd6eb710b722d77d
generated: "2024-04-19T12:00:46.600094+01:00"
