{
  "name": "edge-rtde",
  "version": "1.0.0",
  "lockfileVersion": 3,
  "requires": true,
  "packages": {
    "": {
      "name": "edge-rtde",
      "version": "1.0.0",
      "license": "ISC",
      "dependencies": {
        "node-int64": "^0.4.0",
        "ur-rtde": "^1.0.0"
      }
    },
    "node_modules/node-int64": {
      "version": "0.4.0",
      "resolved": "https://registry.npmjs.org/node-int64/-/node-int64-0.4.0.tgz",
      "integrity": "sha512-O5lz91xSOeoXP6DulyHfllpq+Eg00MWitZIbtPfoSEvqIHdl5gfcY6hYzDWnj0qD5tz52PI08u9qUvSVeUBeHw==",
      "license": "MIT"
    },
    "node_modules/ur-rtde": {
      "version": "1.0.0",
      "resolved": "https://registry.npmjs.org/ur-rtde/-/ur-rtde-1.0.0.tgz",
      "integrity": "sha512-13i5W0K15mUgSGjwBDUqhs+ds0We+oiQIHu+CQgBzc/ezYSH44THpUYI3lB4S49GgYPf1xPSgaFgRY+GlKMpPw==",
      "license": "MIT",
      "dependencies": {
        "node-int64": "0.4.0"
      }
    }
  }
}
